# Generated by pub
# See https://dart.dev/tools/pub/glossary#lockfile
packages:
  args:
    dependency: transitive
    description:
      name: args
      sha256: "7cf60b9f0cc88203c5a190b4cd62a99feea42759a7fa695010eb5de1c0b2252a"
      url: "https://pub.dev"
    source: hosted
    version: "2.5.0"
  async:
    dependency: transitive
    description:
      name: async
      sha256: d2872f9c19731c2e5f10444b14686eb7cc85c76274bd6c16e1816bff9a3bab63
      url: "https://pub.dev"
    source: hosted
    version: "2.12.0"
  audio_session:
    dependency: transitive
    description:
      name: audio_session
      sha256: "8f96a7fecbb718cb093070f868b4cdcb8a9b1053dce342ff8ab2fde10eb9afb7"
      url: "https://pub.dev"
    source: hosted
    version: "0.2.2"
  boolean_selector:
    dependency: transitive
    description:
      name: boolean_selector
      sha256: "8aab1771e1243a5063b8b0ff68042d67334e3feab9e95b9490f9a6ebf73b42ea"
      url: "https://pub.dev"
    source: hosted
    version: "2.1.2"
  cached_network_image:
    dependency: transitive
    description:
      name: cached_network_image
      sha256: "28ea9690a8207179c319965c13cd8df184d5ee721ae2ce60f398ced1219cea1f"
      url: "https://pub.dev"
    source: hosted
    version: "3.3.1"
  cached_network_image_platform_interface:
    dependency: transitive
    description:
      name: cached_network_image_platform_interface
      sha256: "9e90e78ae72caa874a323d78fa6301b3fb8fa7ea76a8f96dc5b5bf79f283bf2f"
      url: "https://pub.dev"
    source: hosted
    version: "4.0.0"
  cached_network_image_web:
    dependency: transitive
    description:
      name: cached_network_image_web
      sha256: "205d6a9f1862de34b93184f22b9d2d94586b2f05c581d546695e3d8f6a805cd7"
      url: "https://pub.dev"
    source: hosted
    version: "1.2.0"
  characters:
    dependency: transitive
    description:
      name: characters
      sha256: f71061c654a3380576a52b451dd5532377954cf9dbd272a78fc8479606670803
      url: "https://pub.dev"
    source: hosted
    version: "1.4.0"
  chewie:
    dependency: "direct overridden"
    description:
      name: chewie
      sha256: "8bc4ac4cf3f316e50a25958c0f5eb9bb12cf7e8308bb1d74a43b230da2cfc144"
      url: "https://pub.dev"
    source: hosted
    version: "1.7.5"
  clock:
    dependency: transitive
    description:
      name: clock
      sha256: fddb70d9b5277016c77a80201021d40a2247104d9f4aa7bab7157b7e3f05b84b
      url: "https://pub.dev"
    source: hosted
    version: "1.1.2"
  collection:
    dependency: transitive
    description:
      name: collection
      sha256: "2f5709ae4d3d59dd8f7cd309b4e023046b57d8a6c82130785d2b0e5868084e76"
      url: "https://pub.dev"
    source: hosted
    version: "1.19.1"
  cross_file:
    dependency: transitive
    description:
      name: cross_file
      sha256: f71079978789bc2fe78d79227f1f8cfe195b31bbd8db2399b0d15a4b96fb843b
      url: "https://pub.dev"
    source: hosted
    version: "0.3.3+2"
  crypto:
    dependency: transitive
    description:
      name: crypto
      sha256: ec30d999af904f33454ba22ed9a86162b35e52b44ac4807d1d93c288041d7d27
      url: "https://pub.dev"
    source: hosted
    version: "3.0.5"
  csslib:
    dependency: transitive
    description:
      name: csslib
      sha256: b36c7f7e24c0bdf1bf9a3da461c837d1de64b9f8beb190c9011d8c72a3dfd745
      url: "https://pub.dev"
    source: hosted
    version: "0.17.2"
  cupertino_icons:
    dependency: "direct main"
    description:
      name: cupertino_icons
      sha256: e35129dc44c9118cee2a5603506d823bab99c68393879edb440e0090d07586be
      url: "https://pub.dev"
    source: hosted
    version: "1.0.5"
  dbus:
    dependency: transitive
    description:
      name: dbus
      sha256: "79e0c23480ff85dc68de79e2cd6334add97e48f7f4865d17686dd6ea81a47e8c"
      url: "https://pub.dev"
    source: hosted
    version: "0.7.11"
  editorjs_flutter:
    dependency: "direct main"
    description:
      path: ".."
      relative: true
    source: path
    version: "0.2.2"
  fake_async:
    dependency: transitive
    description:
      name: fake_async
      sha256: "5368f224a74523e8d2e7399ea1638b37aecfca824a3cc4dfdf77bf1fa905ac44"
      url: "https://pub.dev"
    source: hosted
    version: "1.3.3"
  ffi:
    dependency: transitive
    description:
      name: ffi
      sha256: d07d37192dbf97461359c1518788f203b0c9102cfd2c35a716b823741219542c
      url: "https://pub.dev"
    source: hosted
    version: "2.1.5"
  file:
    dependency: transitive
    description:
      name: file
      sha256: "5fc22d7c25582e38ad9a8515372cd9a93834027aacf1801cf01164dac0ffa08c"
      url: "https://pub.dev"
    source: hosted
    version: "7.0.0"
  file_selector_linux:
    dependency: transitive
    description:
      name: file_selector_linux
      sha256: "045d372bf19b02aeb69cacf8b4009555fb5f6f0b7ad8016e5f46dd1387ddd492"
      url: "https://pub.dev"
    source: hosted
    version: "0.9.2+1"
  file_selector_macos:
    dependency: transitive
    description:
      name: file_selector_macos
      sha256: cb284e267f8e2a45a904b5c094d2ba51d0aabfc20b1538ab786d9ef7dc2bf75c
      url: "https://pub.dev"
    source: hosted
    version: "0.9.4+1"
  file_selector_platform_interface:
    dependency: transitive
    description:
      name: file_selector_platform_interface
      sha256: "0aa47a725c346825a2bd396343ce63ac00bda6eff2fbc43eabe99737dede8262"
      url: "https://pub.dev"
    source: hosted
    version: "2.6.1"
  file_selector_windows:
    dependency: transitive
    description:
      name: file_selector_windows
      sha256: "2ad726953f6e8affbc4df8dc78b77c3b4a060967a291e528ef72ae846c60fb69"
      url: "https://pub.dev"
    source: hosted
    version: "0.9.3+2"
  fixnum:
    dependency: transitive
    description:
      name: fixnum
      sha256: "25517a4deb0c03aa0f32fd12db525856438902d9c16536311e76cdc57b31d7d1"
      url: "https://pub.dev"
    source: hosted
    version: "1.1.0"
  flutter:
    dependency: "direct main"
    description: flutter
    source: sdk
    version: "0.0.0"
  flutter_cache_manager:
    dependency: transitive
    description:
      name: flutter_cache_manager
      sha256: "8207f27539deb83732fdda03e259349046a39a4c767269285f449ade355d54ba"
      url: "https://pub.dev"
    source: hosted
    version: "3.3.1"
  flutter_plugin_android_lifecycle:
    dependency: transitive
    description:
      name: flutter_plugin_android_lifecycle
      sha256: "60fc7b78455b94e6de2333d2f95196d32cf5c22f4b0b0520a628804cb463503b"
      url: "https://pub.dev"
    source: hosted
    version: "2.0.7"
  flutter_svg:
    dependency: transitive
    description:
      name: flutter_svg
      sha256: d39e7f95621fc84376bc0f7d504f05c3a41488c562f4a8ad410569127507402c
      url: "https://pub.dev"
    source: hosted
    version: "2.0.9"
  flutter_test:
    dependency: "direct dev"
    description: flutter
    source: sdk
    version: "0.0.0"
  flutter_web_plugins:
    dependency: transitive
    description: flutter
    source: sdk
    version: "0.0.0"
  flutter_widget_from_html:
    dependency: transitive
    description:
      name: flutter_widget_from_html
      sha256: "7f1daefcd3009c43c7e7fb37501e6bb752d79aa7bfad0085fb0444da14e89bd0"
      url: "https://pub.dev"
    source: hosted
    version: "0.17.1"
  flutter_widget_from_html_core:
    dependency: transitive
    description:
      name: flutter_widget_from_html_core
      sha256: "1120ee6ed3509ceff2d55aa6c6cbc7b6b1291434422de2411b5a59364dd6ff03"
      url: "https://pub.dev"
    source: hosted
    version: "0.17.0"
  freezed_annotation:
    dependency: transitive
    description:
      name: freezed_annotation
      sha256: c87ff004c8aa6af2d531668b46a4ea379f7191dc6dfa066acd53d506da6e044b
      url: "https://pub.dev"
    source: hosted
    version: "3.0.0"
  fwfh_cached_network_image:
    dependency: transitive
    description:
      name: fwfh_cached_network_image
      sha256: "484cb5f8047f02cfac0654fca5832bfa91bb715fd7fc651c04eb7454187c4af8"
      url: "https://pub.dev"
    source: hosted
    version: "0.16.1"
  fwfh_chewie:
    dependency: transitive
    description:
      name: fwfh_chewie
      sha256: ae74fc26798b0e74f3983f7b851e74c63b9eeb2d3015ecd4b829096b2c3f8818
      url: "https://pub.dev"
    source: hosted
    version: "0.16.1"
  fwfh_just_audio:
    dependency: transitive
    description:
      name: fwfh_just_audio
      sha256: dfd622a0dfe049ac647423a2a8afa7f057d9b2b93d92710b624e3d370b1ac69a
      url: "https://pub.dev"
    source: hosted
    version: "0.17.0"
  fwfh_svg:
    dependency: transitive
    description:
      name: fwfh_svg
      sha256: "2e6bb241179eeeb1a7941e05c8c923b05d332d36a9085233e7bf110ea7deb915"
      url: "https://pub.dev"
    source: hosted
    version: "0.16.1"
  fwfh_url_launcher:
    dependency: transitive
    description:
      name: fwfh_url_launcher
      sha256: c38aa8fb373fda3a89b951fa260b539f623f6edb45eee7874cb8b492471af881
      url: "https://pub.dev"
    source: hosted
    version: "0.16.1"
  fwfh_webview:
    dependency: transitive
    description:
      name: fwfh_webview
      sha256: f71b0aa16e15d82f3c017f33560201ff5ae04e91e970cab5d12d3bcf970b870c
      url: "https://pub.dev"
    source: hosted
    version: "0.15.6"
  html:
    dependency: transitive
    description:
      name: html
      sha256: "3a7812d5bcd2894edf53dfaf8cd640876cf6cef50a8f238745c8b8120ea74d3a"
      url: "https://pub.dev"
    source: hosted
    version: "0.15.4"
  http:
    dependency: transitive
    description:
      name: http
      sha256: "6aa2946395183537c8b880962d935877325d6a09a2867c3970c05c0fed6ac482"
      url: "https://pub.dev"
    source: hosted
    version: "0.13.5"
  http_parser:
    dependency: transitive
    description:
      name: http_parser
      sha256: "2aa08ce0341cc9b354a498388e30986515406668dbcc4f7c950c3e715496693b"
      url: "https://pub.dev"
    source: hosted
    version: "4.0.2"
  image_picker:
    dependency: transitive
    description:
      name: image_picker
      sha256: "736eb56a911cf24d1859315ad09ddec0b66104bc41a7f8c5b96b4e2620cf5041"
      url: "https://pub.dev"
    source: hosted
    version: "1.2.0"
  image_picker_android:
    dependency: transitive
    description:
      name: image_picker_android
      sha256: ca2a3b04d34e76157e9ae680ef16014fb4c2d20484e78417eaed6139330056f6
      url: "https://pub.dev"
    source: hosted
    version: "0.8.13+7"
  image_picker_for_web:
    dependency: transitive
    description:
      name: image_picker_for_web
      sha256: "40c2a6a0da15556dc0f8e38a3246064a971a9f512386c3339b89f76db87269b6"
      url: "https://pub.dev"
    source: hosted
    version: "3.1.0"
  image_picker_ios:
    dependency: transitive
    description:
      name: image_picker_ios
      sha256: e675c22790bcc24e9abd455deead2b7a88de4b79f7327a281812f14de1a56f58
      url: "https://pub.dev"
    source: hosted
    version: "0.8.13+1"
  image_picker_linux:
    dependency: transitive
    description:
      name: image_picker_linux
      sha256: "1f81c5f2046b9ab724f85523e4af65be1d47b038160a8c8deed909762c308ed4"
      url: "https://pub.dev"
    source: hosted
    version: "0.2.2"
  image_picker_macos:
    dependency: transitive
    description:
      name: image_picker_macos
      sha256: "86f0f15a309de7e1a552c12df9ce5b59fe927e71385329355aec4776c6a8ec91"
      url: "https://pub.dev"
    source: hosted
    version: "0.2.2+1"
  image_picker_platform_interface:
    dependency: "direct overridden"
    description:
      name: image_picker_platform_interface
      sha256: "9f143b0dba3e459553209e20cc425c9801af48e6dfa4f01a0fcf927be3f41665"
      url: "https://pub.dev"
    source: hosted
    version: "2.11.0"
  image_picker_windows:
    dependency: transitive
    description:
      name: image_picker_windows
      sha256: d248c86554a72b5495a31c56f060cf73a41c7ff541689327b1a7dbccc33adfae
      url: "https://pub.dev"
    source: hosted
    version: "0.2.2"
  js:
    dependency: transitive
    description:
      name: js
      sha256: a5e201311cb08bf3912ebbe9a2be096e182d703f881136ec1e81a2338a9e120d
      url: "https://pub.dev"
    source: hosted
    version: "0.6.4"
  json_annotation:
    dependency: transitive
    description:
      name: json_annotation
      sha256: "1ce844379ca14835a50d2f019a3099f419082cfdd231cd86a142af94dd5c6bb1"
      url: "https://pub.dev"
    source: hosted
    version: "4.9.0"
  just_audio:
    dependency: transitive
    description:
      name: just_audio
      sha256: "9694e4734f515f2a052493d1d7e0d6de219ee0427c7c29492e246ff32a219908"
      url: "https://pub.dev"
    source: hosted
    version: "0.10.5"
  just_audio_platform_interface:
    dependency: transitive
    description:
      name: just_audio_platform_interface
      sha256: "2532c8d6702528824445921c5ff10548b518b13f808c2e34c2fd54793b999a6a"
      url: "https://pub.dev"
    source: hosted
    version: "4.6.0"
  just_audio_web:
    dependency: transitive
    description:
      name: just_audio_web
      sha256: "6ba8a2a7e87d57d32f0f7b42856ade3d6a9fbe0f1a11fabae0a4f00bb73f0663"
      url: "https://pub.dev"
    source: hosted
    version: "0.4.16"
  leak_tracker:
    dependency: transitive
    description:
      name: leak_tracker
      sha256: "33e2e26bdd85a0112ec15400c8cbffea70d0f9c3407491f672a2fad47915e2de"
      url: "https://pub.dev"
    source: hosted
    version: "11.0.2"
  leak_tracker_flutter_testing:
    dependency: transitive
    description:
      name: leak_tracker_flutter_testing
      sha256: "1dbc140bb5a23c75ea9c4811222756104fbcd1a27173f0c34ca01e16bea473c1"
      url: "https://pub.dev"
    source: hosted
    version: "3.0.10"
  leak_tracker_testing:
    dependency: transitive
    description:
      name: leak_tracker_testing
      sha256: "8d5a2d49f4a66b49744b23b018848400d23e54caf9463f4eb20df3eb8acb2eb1"
      url: "https://pub.dev"
    source: hosted
    version: "3.0.2"
  logging:
    dependency: transitive
    description:
      name: logging
      sha256: "623a88c9594aa774443aa3eb2d41807a48486b5613e67599fb4c41c0ad47c340"
      url: "https://pub.dev"
    source: hosted
    version: "1.2.0"
  matcher:
    dependency: transitive
    description:
      name: matcher
      sha256: dc58c723c3c24bf8d3e2d3ad3f2f9d7bd9cf43ec6feaa64181775e60190153f2
      url: "https://pub.dev"
    source: hosted
    version: "0.12.17"
  material_color_utilities:
    dependency: transitive
    description:
      name: material_color_utilities
      sha256: f7142bb1154231d7ea5f96bc7bde4bda2a0945d2806bb11670e30b850d56bdec
      url: "https://pub.dev"
    source: hosted
    version: "0.11.1"
  meta:
    dependency: transitive
    description:
      name: meta
      sha256: e3641ec5d63ebf0d9b41bd43201a66e3fc79a65db5f61fc181f04cd27aab950c
      url: "https://pub.dev"
    source: hosted
    version: "1.16.0"
  mime:
    dependency: transitive
    description:
      name: mime
      sha256: "801fd0b26f14a4a58ccb09d5892c3fbdeff209594300a542492cf13fba9d247a"
      url: "https://pub.dev"
    source: hosted
    version: "1.0.6"
  nested:
    dependency: transitive
    description:
      name: nested
      sha256: "03bac4c528c64c95c722ec99280375a6f2fc708eec17c7b3f07253b626cd2a20"
      url: "https://pub.dev"
    source: hosted
    version: "1.0.0"
  octo_image:
    dependency: transitive
    description:
      name: octo_image
      sha256: "34faa6639a78c7e3cbe79be6f9f96535867e879748ade7d17c9b1ae7536293bd"
      url: "https://pub.dev"
    source: hosted
    version: "2.1.0"
  package_info_plus:
    dependency: transitive
    description:
      name: package_info_plus
      sha256: "7e76fad405b3e4016cd39d08f455a4eb5199723cf594cd1b8916d47140d93017"
      url: "https://pub.dev"
    source: hosted
    version: "4.2.0"
  package_info_plus_platform_interface:
    dependency: transitive
    description:
      name: package_info_plus_platform_interface
      sha256: "9bc8ba46813a4cc42c66ab781470711781940780fd8beddd0c3da62506d3a6c6"
      url: "https://pub.dev"
    source: hosted
    version: "2.0.1"
  path:
    dependency: transitive
    description:
      name: path
      sha256: "75cca69d1490965be98c73ceaea117e8a04dd21217b37b292c9ddbec0d955bc5"
      url: "https://pub.dev"
    source: hosted
    version: "1.9.1"
  path_parsing:
    dependency: transitive
    description:
      name: path_parsing
      sha256: e3e67b1629e6f7e8100b367d3db6ba6af4b1f0bb80f64db18ef1fbabd2fa9ccf
      url: "https://pub.dev"
    source: hosted
    version: "1.0.1"
  path_provider:
    dependency: transitive
    description:
      name: path_provider
      sha256: fec0d61223fba3154d87759e3cc27fe2c8dc498f6386c6d6fc80d1afdd1bf378
      url: "https://pub.dev"
    source: hosted
    version: "2.1.4"
  path_provider_android:
    dependency: transitive
    description:
      name: path_provider_android
      sha256: "6f01f8e37ec30b07bc424b4deabac37cacb1bc7e2e515ad74486039918a37eb7"
      url: "https://pub.dev"
    source: hosted
    version: "2.2.10"
  path_provider_foundation:
    dependency: transitive
    description:
      name: path_provider_foundation
      sha256: f234384a3fdd67f989b4d54a5d73ca2a6c422fa55ae694381ae0f4375cd1ea16
      url: "https://pub.dev"
    source: hosted
    version: "2.4.0"
  path_provider_linux:
    dependency: transitive
    description:
      name: path_provider_linux
      sha256: f7a1fe3a634fe7734c8d3f2766ad746ae2a2884abe22e241a8b301bf5cac3279
      url: "https://pub.dev"
    source: hosted
    version: "2.2.1"
  path_provider_platform_interface:
    dependency: transitive
    description:
      name: path_provider_platform_interface
      sha256: "94b1e0dd80970c1ce43d5d4e050a9918fce4f4a775e6142424c30a29a363265c"
      url: "https://pub.dev"
    source: hosted
    version: "2.1.1"
  path_provider_windows:
    dependency: transitive
    description:
      name: path_provider_windows
      sha256: bd6f00dbd873bfb70d0761682da2b3a2c2fccc2b9e84c495821639601d81afe7
      url: "https://pub.dev"
    source: hosted
    version: "2.3.0"
  petitparser:
    dependency: transitive
    description:
      name: petitparser
      sha256: c15605cd28af66339f8eb6fbe0e541bfe2d1b72d5825efc6598f3e0a31b9ad27
      url: "https://pub.dev"
    source: hosted
    version: "6.0.2"
  platform:
    dependency: transitive
    description:
      name: platform
      sha256: "9b71283fc13df574056616011fb138fd3b793ea47cc509c189a6c3fa5f8a1a65"
      url: "https://pub.dev"
    source: hosted
    version: "3.1.5"
  plugin_platform_interface:
    dependency: transitive
    description:
      name: plugin_platform_interface
      sha256: "4820fbfdb9478b1ebae27888254d445073732dae3d6ea81f0b7e06d5dedc3f02"
      url: "https://pub.dev"
    source: hosted
    version: "2.1.8"
  provider:
    dependency: transitive
    description:
      name: provider
      sha256: "4e82183fa20e5ca25703ead7e05de9e4cceed1fbd1eadc1ac3cb6f565a09f272"
      url: "https://pub.dev"
    source: hosted
    version: "6.1.5+1"
  rxdart:
    dependency: transitive
    description:
      name: rxdart
      sha256: "0c7c0cedd93788d996e33041ffecda924cc54389199cde4e6a34b440f50044cb"
      url: "https://pub.dev"
    source: hosted
    version: "0.27.7"
  sky_engine:
    dependency: transitive
    description: flutter
    source: sdk
    version: "0.0.0"
  source_span:
    dependency: transitive
    description:
      name: source_span
      sha256: "254ee5351d6cb365c859e20ee823c3bb479bf4a293c22d17a9f1bf144ce86f7c"
      url: "https://pub.dev"
    source: hosted
    version: "1.10.1"
  sprintf:
    dependency: transitive
    description:
      name: sprintf
      sha256: "1fc9ffe69d4df602376b52949af107d8f5703b77cda567c4d7d86a0693120f23"
      url: "https://pub.dev"
    source: hosted
    version: "7.0.0"
  sqflite:
    dependency: transitive
    description:
      name: sqflite
      sha256: a43e5a27235518c03ca238e7b4732cf35eabe863a369ceba6cbefa537a66f16d
      url: "https://pub.dev"
    source: hosted
    version: "2.3.3+1"
  sqflite_common:
    dependency: transitive
    description:
      name: sqflite_common
      sha256: "4058172e418eb7e7f2058dcb7657d451a8fc264afa0dea4dbd0f304a57131611"
      url: "https://pub.dev"
    source: hosted
    version: "2.5.4+3"
  stack_trace:
    dependency: transitive
    description:
      name: stack_trace
      sha256: "8b27215b45d22309b5cddda1aa2b19bdfec9df0e765f2de506401c071d38d1b1"
      url: "https://pub.dev"
    source: hosted
    version: "1.12.1"
  stream_channel:
    dependency: transitive
    description:
      name: stream_channel
      sha256: "969e04c80b8bcdf826f8f16579c7b14d780458bd97f56d107d3950fdbeef059d"
      url: "https://pub.dev"
    source: hosted
    version: "2.1.4"
  string_scanner:
    dependency: transitive
    description:
      name: string_scanner
      sha256: "921cd31725b72fe181906c6a94d987c78e3b98c2e205b397ea399d4054872b43"
      url: "https://pub.dev"
    source: hosted
    version: "1.4.1"
  synchronized:
    dependency: transitive
    description:
      name: synchronized
      sha256: "51b08572b9f091f8c3eb4d9d4be253f196ff0075d5ec9b10a884026d5b55d7bc"
      url: "https://pub.dev"
    source: hosted
    version: "3.3.0+2"
  term_glyph:
    dependency: transitive
    description:
      name: term_glyph
      sha256: "7f554798625ea768a7518313e58f83891c7f5024f88e46e7182a4558850a4b8e"
      url: "https://pub.dev"
    source: hosted
    version: "1.2.2"
  test_api:
    dependency: transitive
    description:
      name: test_api
      sha256: "522f00f556e73044315fa4585ec3270f1808a4b186c936e612cab0b565ff1e00"
      url: "https://pub.dev"
    source: hosted
    version: "0.7.6"
  typed_data:
    dependency: "direct overridden"
    description:
      name: typed_data
      sha256: f9049c039ebfeb4cf7a7104a675823cd72dba8297f264b6637062516699fa006
      url: "https://pub.dev"
    source: hosted
    version: "1.4.0"
  url_launcher:
    dependency: transitive
    description:
      name: url_launcher
      sha256: f6a7e5c4835bb4e3026a04793a4199ca2d14c739ec378fdfe23fc8075d0439f8
      url: "https://pub.dev"
    source: hosted
    version: "6.3.2"
  url_launcher_android:
    dependency: transitive
    description:
      name: url_launcher_android
      sha256: "5c8b6c2d89a78f5a1cca70a73d9d5f86c701b36b42f9c9dac7bad592113c28e9"
      url: "https://pub.dev"
    source: hosted
    version: "6.3.24"
  url_launcher_ios:
    dependency: transitive
    description:
      name: url_launcher_ios
      sha256: e43b677296fadce447e987a2f519dcf5f6d1e527dc35d01ffab4fff5b8a7063e
      url: "https://pub.dev"
    source: hosted
    version: "6.3.1"
  url_launcher_linux:
    dependency: transitive
    description:
      name: url_launcher_linux
      sha256: e2b9622b4007f97f504cd64c0128309dfb978ae66adbe944125ed9e1750f06af
      url: "https://pub.dev"
    source: hosted
    version: "3.2.0"
  url_launcher_macos:
    dependency: transitive
    description:
      name: url_launcher_macos
      sha256: "769549c999acdb42b8bcfa7c43d72bf79a382ca7441ab18a808e101149daf672"
      url: "https://pub.dev"
    source: hosted
    version: "3.2.1"
  url_launcher_platform_interface:
    dependency: transitive
    description:
      name: url_launcher_platform_interface
      sha256: "552f8a1e663569be95a8190206a38187b531910283c3e982193e4f2733f01029"
      url: "https://pub.dev"
    source: hosted
    version: "2.3.2"
  url_launcher_web:
    dependency: transitive
    description:
      name: url_launcher_web
      sha256: "772638d3b34c779ede05ba3d38af34657a05ac55b06279ea6edd409e323dca8e"
      url: "https://pub.dev"
    source: hosted
    version: "2.3.3"
  url_launcher_windows:
    dependency: transitive
    description:
      name: url_launcher_windows
      sha256: "49c10f879746271804767cb45551ec5592cdab00ee105c06dddde1a98f73b185"
      url: "https://pub.dev"
    source: hosted
    version: "3.1.2"
  uuid:
    dependency: transitive
    description:
      name: uuid
      sha256: f33d6bb662f0e4f79dcd7ada2e6170f3b3a2530c28fc41f49a411ddedd576a77
      url: "https://pub.dev"
    source: hosted
    version: "4.5.0"
  vector_graphics:
    dependency: transitive
    description:
      name: vector_graphics
      sha256: "4ac59808bbfca6da38c99f415ff2d3a5d7ca0a6b4809c71d9cf30fba5daf9752"
      url: "https://pub.dev"
    source: hosted
    version: "1.1.10+1"
  vector_graphics_codec:
    dependency: transitive
    description:
      name: vector_graphics_codec
      sha256: f3247e7ab0ec77dc759263e68394990edc608fb2b480b80db8aa86ed09279e33
      url: "https://pub.dev"
    source: hosted
    version: "1.1.10+1"
  vector_graphics_compiler:
    dependency: transitive
    description:
      name: vector_graphics_compiler
      sha256: "18489bdd8850de3dd7ca8a34e0c446f719ec63e2bab2e7a8cc66a9028dd76c5a"
      url: "https://pub.dev"
    source: hosted
    version: "1.1.10+1"
  vector_math:
    dependency: transitive
    description:
      name: vector_math
      sha256: d530bd74fea330e6e364cda7a85019c434070188383e1cd8d9777ee586914c5b
      url: "https://pub.dev"
    source: hosted
    version: "2.2.0"
  video_player:
    dependency: transitive
    description:
      name: video_player
      sha256: "0d55b1f1a31e5ad4c4967bfaa8ade0240b07d20ee4af1dfef5f531056512961a"
      url: "https://pub.dev"
    source: hosted
    version: "2.10.0"
  video_player_android:
    dependency: transitive
    description:
      name: video_player_android
      sha256: cf768d02924b91e333e2bc1ff928528f57d686445874f383bafab12d0bdfc340
      url: "https://pub.dev"
    source: hosted
    version: "2.8.17"
  video_player_avfoundation:
    dependency: transitive
    description:
      name: video_player_avfoundation
      sha256: "19ed1162a7a5520e7d7791e0b7b73ba03161b6a69428b82e4689e435b325432d"
      url: "https://pub.dev"
    source: hosted
    version: "2.8.5"
  video_player_platform_interface:
    dependency: transitive
    description:
      name: video_player_platform_interface
      sha256: "9e372520573311055cb353b9a0da1c9d72b094b7ba01b8ecc66f28473553793b"
      url: "https://pub.dev"
    source: hosted
    version: "6.5.0"
  video_player_web:
    dependency: transitive
    description:
      name: video_player_web
      sha256: "9f3c00be2ef9b76a95d94ac5119fb843dca6f2c69e6c9968f6f2b6c9e7afbdeb"
      url: "https://pub.dev"
    source: hosted
    version: "2.4.0"
  vm_service:
    dependency: transitive
    description:
      name: vm_service
      sha256: "0968250880a6c5fe7edc067ed0a13d4bae1577fe2771dcf3010d52c4a9d3ca14"
      url: "https://pub.dev"
    source: hosted
    version: "14.3.1"
  wakelock_plus:
    dependency: transitive
    description:
      name: wakelock_plus
      sha256: f268ca2116db22e57577fb99d52515a24bdc1d570f12ac18bb762361d43b043d
      url: "https://pub.dev"
    source: hosted
    version: "1.1.4"
  wakelock_plus_platform_interface:
    dependency: transitive
    description:
      name: wakelock_plus_platform_interface
      sha256: "036deb14cd62f558ca3b73006d52ce049fabcdcb2eddfe0bf0fe4e8a943b5cf2"
      url: "https://pub.dev"
    source: hosted
    version: "1.3.0"
  web:
    dependency: transitive
    description:
      name: web
      sha256: "868d88a33d8a87b18ffc05f9f030ba328ffefba92d6c127917a2ba740f9cfe4a"
      url: "https://pub.dev"
    source: hosted
    version: "1.1.1"
  webview_flutter:
    dependency: transitive
    description:
      name: webview_flutter
      sha256: c3e4fe614b1c814950ad07186007eff2f2e5dd2935eba7b9a9a1af8e5885f1ba
      url: "https://pub.dev"
    source: hosted
    version: "4.13.0"
  webview_flutter_android:
    dependency: transitive
    description:
      name: webview_flutter_android
      sha256: e5201c620eb2637dca88a756961fae4a7191bb30b4f2271e08b746405ffdf3fd
      url: "https://pub.dev"
    source: hosted
    version: "4.10.5"
  webview_flutter_platform_interface:
    dependency: transitive
    description:
      name: webview_flutter_platform_interface
      sha256: "63d26ee3aca7256a83ccb576a50272edd7cfc80573a4305caa98985feb493ee0"
      url: "https://pub.dev"
    source: hosted
    version: "2.14.0"
  webview_flutter_wkwebview:
    dependency: transitive
    description:
      name: webview_flutter_wkwebview
      sha256: "5de608fdea144d4370c21d4c80f0528135529e0180aa129790064c345e457a43"
      url: "https://pub.dev"
    source: hosted
    version: "3.23.2"
  win32:
    dependency: "direct overridden"
    description:
      name: win32
      sha256: d7cb55e04cd34096cd3a79b3330245f54cb96a370a1c27adb3c84b917de8b08e
      url: "https://pub.dev"
    source: hosted
    version: "5.15.0"
  xdg_directories:
    dependency: transitive
    description:
      name: xdg_directories
      sha256: faea9dee56b520b55a566385b84f2e8de55e7496104adada9962e0bd11bcff1d
      url: "https://pub.dev"
    source: hosted
    version: "1.0.4"
  xml:
    dependency: transitive
    description:
      name: xml
      sha256: b015a8ad1c488f66851d762d3090a21c600e479dc75e68328c52774040cf9226
      url: "https://pub.dev"
    source: hosted
    version: "6.5.0"
  youtube_player_iframe:
    dependency: transitive
    description:
      name: youtube_player_iframe
      sha256: "6690da91591d14b32a6884eb6ae270ea4cc946a748d577d89d18cde565be689f"
      url: "https://pub.dev"
    source: hosted
    version: "5.2.2"
  youtube_player_iframe_web:
    dependency: transitive
    description:
      name: youtube_player_iframe_web
      sha256: "333901d008634f2ea67ef27aba8d597567e4ff45f393290b948a739654ab6dca"
      url: "https://pub.dev"
    source: hosted
    version: "3.1.2"
sdks:
  dart: ">=3.9.0 <4.0.0"
  flutter: ">=3.35.0"
